speakeasyVersion: 1.481.1
sources:
    openapi-with-code-samples:
        sourceNamespace: openapi-with-code-samples
        sourceRevisionDigest: sha256:3a3c7c6d546f556c1b3b94ba037fd7631a7bfe39959794286c68b58e1237b9ba
        sourceBlobDigest: sha256:633a18e8b96b6b56bff23698df96691d252851add635004978d574804dc2f14a
        tags:
            - latest
            - speakeasy-sdk-regen-1721694309
            - "1.0"
targets: {}
workflow:
    workflowVersion: 1.0.0
    speakeasyVersion: latest
    sources:
        openapi-with-code-samples:
            inputs:
                - location: registry.speakeasyapi.dev/novu/novu/json-development:main
            overlays:
                - location: registry.speakeasyapi.dev/novu/novu/code-samples-typescript:main
            output: ./openapi.json
            registry:
                location: registry.speakeasyapi.dev/novu/novu/openapi-with-code-samples
    targets: {}
